
Microsoft Visual Studio Solution File, Format Version 12.00
# Visual Studio Version 17
VisualStudioVersion = 17.8.34525.116
MinimumVisualStudioVersion = 10.0.40219.1
Project("{9A19103F-16F7-4668-BE54-9A1E7A4F7556}") = "USElections.Data", "USElections.Data\USElections.Data.csproj", "{A889EBCF-5CA3-4382-9934-588D2E91D418}"
EndProject
Project("{9A19103F-16F7-4668-BE54-9A1E7A4F7556}") = "USElections.Repos", "USElections.Repos\USElections.Repos.csproj", "{6D49B438-ADB5-47DC-8396-57B2C78AB2F7}"
EndProject
Project("{9A19103F-16F7-4668-BE54-9A1E7A4F7556}") = "USElections.Shared", "USElections.Shared\USElections.Shared.csproj", "{215F113A-4BA3-4585-92CF-CF29EFA035FC}"
EndProject
Project("{9A19103F-16F7-4668-BE54-9A1E7A4F7556}") = "USElections.WASM", "USElections.WASM\USElections.WASM.csproj", "{4548B46D-A787-4B71-B35A-BC1C5745F954}"
EndProject
Global
	GlobalSection(SolutionConfigurationPlatforms) = preSolution
		Debug|Any CPU = Debug|Any CPU
		Release|Any CPU = Release|Any CPU
	EndGlobalSection
	GlobalSection(ProjectConfigurationPlatforms) = postSolution
		{A889EBCF-5CA3-4382-9934-588D2E91D418}.Debug|Any CPU.ActiveCfg = Debug|Any CPU
		{A889EBCF-5CA3-4382-9934-588D2E91D418}.Debug|Any CPU.Build.0 = Debug|Any CPU
		{A889EBCF-5CA3-4382-9934-588D2E91D418}.Release|Any CPU.ActiveCfg = Release|Any CPU
		{A889EBCF-5CA3-4382-9934-588D2E91D418}.Release|Any CPU.Build.0 = Release|Any CPU
		{6D49B438-ADB5-47DC-8396-57B2C78AB2F7}.Debug|Any CPU.ActiveCfg = Debug|Any CPU
		{6D49B438-ADB5-47DC-8396-57B2C78AB2F7}.Debug|Any CPU.Build.0 = Debug|Any CPU
		{6D49B438-ADB5-47DC-8396-57B2C78AB2F7}.Release|Any CPU.ActiveCfg = Release|Any CPU
		{6D49B438-ADB5-47DC-8396-57B2C78AB2F7}.Release|Any CPU.Build.0 = Release|Any CPU
		{215F113A-4BA3-4585-92CF-CF29EFA035FC}.Debug|Any CPU.ActiveCfg = Debug|Any CPU
		{215F113A-4BA3-4585-92CF-CF29EFA035FC}.Debug|Any CPU.Build.0 = Debug|Any CPU
		{215F113A-4BA3-4585-92CF-CF29EFA035FC}.Release|Any CPU.ActiveCfg = Release|Any CPU
		{215F113A-4BA3-4585-92CF-CF29EFA035FC}.Release|Any CPU.Build.0 = Release|Any CPU
		{4548B46D-A787-4B71-B35A-BC1C5745F954}.Debug|Any CPU.ActiveCfg = Debug|Any CPU
		{4548B46D-A787-4B71-B35A-BC1C5745F954}.Debug|Any CPU.Build.0 = Debug|Any CPU
		{4548B46D-A787-4B71-B35A-BC1C5745F954}.Release|Any CPU.ActiveCfg = Release|Any CPU
		{4548B46D-A787-4B71-B35A-BC1C5745F954}.Release|Any CPU.Build.0 = Release|Any CPU
	EndGlobalSection
	GlobalSection(SolutionProperties) = preSolution
		HideSolutionNode = FALSE
	EndGlobalSection
	GlobalSection(ExtensibilityGlobals) = postSolution
		SolutionGuid = {3E2E2DED-BAF0-42BB-BA1C-DF416D437AC6}
	EndGlobalSection
EndGlobal
